// !$*UTF8*$!
{
	archiveVersion = 1;
	classes = {
	};
	objectVersion = 56;
	objects = {

/* Begin PBXBuildFile section */
		EB2EFEA72A28EE14005479F2 /* MaxWidth.swift in Sources */ = {isa = PBXBuildFile; fileRef = EB2EFEA62A28EE14005479F2 /* MaxWidth.swift */; };
		EB2EFEA92A290353005479F2 /* Overlay.swift in Sources */ = {isa = PBXBuildFile; fileRef = EB2EFEA82A290353005479F2 /* Overlay.swift */; };
		EB3520AF2A0252F30011350D /* SnippetsApp.swift in Sources */ = {isa = PBXBuildFile; fileRef = EB3520AE2A0252F30011350D /* SnippetsApp.swift */; };
		EB3520B12A0252F30011350D /* ContentView.swift in Sources */ = {isa = PBXBuildFile; fileRef = EB3520B02A0252F30011350D /* ContentView.swift */; };
		EB3520B32A0252F60011350D /* Assets.xcassets in Resources */ = {isa = PBXBuildFile; fileRef = EB3520B22A0252F60011350D /* Assets.xcassets */; };
		EB3520B62A0252F60011350D /* Preview Assets.xcassets in Resources */ = {isa = PBXBuildFile; fileRef = EB3520B52A0252F60011350D /* Preview Assets.xcassets */; };
		EB3520BE2A0254640011350D /* Example1Timer.swift in Sources */ = {isa = PBXBuildFile; fileRef = EB3520BD2A0254640011350D /* Example1Timer.swift */; };
		EB729FE32A20BD2E00227DB5 /* Feature.swift in Sources */ = {isa = PBXBuildFile; fileRef = EB729FE22A20BD2E00227DB5 /* Feature.swift */; };
		EB729FE52A22570A00227DB5 /* OnboardingContentView.swift in Sources */ = {isa = PBXBuildFile; fileRef = EB729FE42A22570900227DB5 /* OnboardingContentView.swift */; };
		EB729FE72A23AB8700227DB5 /* OnboardingContainerView.swift in Sources */ = {isa = PBXBuildFile; fileRef = EB729FE62A23AB8600227DB5 /* OnboardingContainerView.swift */; };
		EBE0D66D2A126DBF0081FCE1 /* Theme.swift in Sources */ = {isa = PBXBuildFile; fileRef = EBE0D66C2A126DBF0081FCE1 /* Theme.swift */; };
		EBE0D66F2A1270BD0081FCE1 /* ThemeView.swift in Sources */ = {isa = PBXBuildFile; fileRef = EBE0D66E2A1270BD0081FCE1 /* ThemeView.swift */; };
		EBE0D6712A127B020081FCE1 /* ThemePickerView.swift in Sources */ = {isa = PBXBuildFile; fileRef = EBE0D6702A127B020081FCE1 /* ThemePickerView.swift */; };
		EBE0D6762A13BE450081FCE1 /* ColorAsAView.swift in Sources */ = {isa = PBXBuildFile; fileRef = EBE0D6752A13BE450081FCE1 /* ColorAsAView.swift */; };
		EBE0D6782A13E2710081FCE1 /* ThemePicker.swift in Sources */ = {isa = PBXBuildFile; fileRef = EBE0D6772A13E2710081FCE1 /* ThemePicker.swift */; };
/* End PBXBuildFile section */

/* Begin PBXFileReference section */
		EB2EFEA62A28EE14005479F2 /* MaxWidth.swift */ = {isa = PBXFileReference; lastKnownFileType = sourcecode.swift; path = MaxWidth.swift; sourceTree = "<group>"; };
		EB2EFEA82A290353005479F2 /* Overlay.swift */ = {isa = PBXFileReference; lastKnownFileType = sourcecode.swift; path = Overlay.swift; sourceTree = "<group>"; };
		EB3520AB2A0252F30011350D /* Snippets.app */ = {isa = PBXFileReference; explicitFileType = wrapper.application; includeInIndex = 0; path = Snippets.app; sourceTree = BUILT_PRODUCTS_DIR; };
		EB3520AE2A0252F30011350D /* SnippetsApp.swift */ = {isa = PBXFileReference; lastKnownFileType = sourcecode.swift; path = SnippetsApp.swift; sourceTree = "<group>"; };
		EB3520B02A0252F30011350D /* ContentView.swift */ = {isa = PBXFileReference; lastKnownFileType = sourcecode.swift; path = ContentView.swift; sourceTree = "<group>"; };
		EB3520B22A0252F60011350D /* Assets.xcassets */ = {isa = PBXFileReference; lastKnownFileType = folder.assetcatalog; path = Assets.xcassets; sourceTree = "<group>"; };
		EB3520B52A0252F60011350D /* Preview Assets.xcassets */ = {isa = PBXFileReference; lastKnownFileType = folder.assetcatalog; path = "Preview Assets.xcassets"; sourceTree = "<group>"; };
		EB3520BD2A0254640011350D /* Example1Timer.swift */ = {isa = PBXFileReference; lastKnownFileType = sourcecode.swift; path = Example1Timer.swift; sourceTree = "<group>"; };
		EB729FE22A20BD2E00227DB5 /* Feature.swift */ = {isa = PBXFileReference; lastKnownFileType = sourcecode.swift; path = Feature.swift; sourceTree = "<group>"; };
		EB729FE42A22570900227DB5 /* OnboardingContentView.swift */ = {isa = PBXFileReference; lastKnownFileType = sourcecode.swift; path = OnboardingContentView.swift; sourceTree = "<group>"; };
		EB729FE62A23AB8600227DB5 /* OnboardingContainerView.swift */ = {isa = PBXFileReference; lastKnownFileType = sourcecode.swift; path = OnboardingContainerView.swift; sourceTree = "<group>"; };
		EBE0D66C2A126DBF0081FCE1 /* Theme.swift */ = {isa = PBXFileReference; lastKnownFileType = sourcecode.swift; path = Theme.swift; sourceTree = "<group>"; };
		EBE0D66E2A1270BD0081FCE1 /* ThemeView.swift */ = {isa = PBXFileReference; lastKnownFileType = sourcecode.swift; path = ThemeView.swift; sourceTree = "<group>"; };
		EBE0D6702A127B020081FCE1 /* ThemePickerView.swift */ = {isa = PBXFileReference; lastKnownFileType = sourcecode.swift; path = ThemePickerView.swift; sourceTree = "<group>"; };
		EBE0D6742A1385D20081FCE1 /* Info.plist */ = {isa = PBXFileReference; lastKnownFileType = text.plist; path = Info.plist; sourceTree = "<group>"; };
		EBE0D6752A13BE450081FCE1 /* ColorAsAView.swift */ = {isa = PBXFileReference; lastKnownFileType = sourcecode.swift; path = ColorAsAView.swift; sourceTree = "<group>"; };
		EBE0D6772A13E2710081FCE1 /* ThemePicker.swift */ = {isa = PBXFileReference; lastKnownFileType = sourcecode.swift; path = ThemePicker.swift; sourceTree = "<group>"; };
/* End PBXFileReference section */

/* Begin PBXFrameworksBuildPhase section */
		EB3520A82A0252F30011350D /* Frameworks */ = {
			isa = PBXFrameworksBuildPhase;
			buildActionMask = 2147483647;
			files = (
			);
			runOnlyForDeploymentPostprocessing = 0;
		};
/* End PBXFrameworksBuildPhase section */

/* Begin PBXGroup section */
		EB3520A22A0252F30011350D = {
			isa = PBXGroup;
			children = (
				EB3520AD2A0252F30011350D /* Snippets */,
				EB3520AC2A0252F30011350D /* Products */,
			);
			sourceTree = "<group>";
		};
		EB3520AC2A0252F30011350D /* Products */ = {
			isa = PBXGroup;
			children = (
				EB3520AB2A0252F30011350D /* Snippets.app */,
			);
			name = Products;
			sourceTree = "<group>";
		};
		EB3520AD2A0252F30011350D /* Snippets */ = {
			isa = PBXGroup;
			children = (
				EBE0D6742A1385D20081FCE1 /* Info.plist */,
				EBE0D66B2A126DAC0081FCE1 /* Models */,
				EB3520BC2A0254250011350D /* Views */,
				EB3520AE2A0252F30011350D /* SnippetsApp.swift */,
				EB3520B02A0252F30011350D /* ContentView.swift */,
				EB3520B22A0252F60011350D /* Assets.xcassets */,
				EB3520B42A0252F60011350D /* Preview Content */,
			);
			path = Snippets;
			sourceTree = "<group>";
		};
		EB3520B42A0252F60011350D /* Preview Content */ = {
			isa = PBXGroup;
			children = (
				EB3520B52A0252F60011350D /* Preview Assets.xcassets */,
			);
			path = "Preview Content";
			sourceTree = "<group>";
		};
		EB3520BC2A0254250011350D /* Views */ = {
			isa = PBXGroup;
			children = (
				EB729FE82A23AE8C00227DB5 /* Onboarding */,
				EB3520BD2A0254640011350D /* Example1Timer.swift */,
				EBE0D66E2A1270BD0081FCE1 /* ThemeView.swift */,
				EBE0D6702A127B020081FCE1 /* ThemePickerView.swift */,
				EBE0D6752A13BE450081FCE1 /* ColorAsAView.swift */,
				EBE0D6772A13E2710081FCE1 /* ThemePicker.swift */,
				EB2EFEA62A28EE14005479F2 /* MaxWidth.swift */,
				EB2EFEA82A290353005479F2 /* Overlay.swift */,
			);
			path = Views;
			sourceTree = "<group>";
		};
		EB729FE82A23AE8C00227DB5 /* Onboarding */ = {
			isa = PBXGroup;
			children = (
				EB729FE42A22570900227DB5 /* OnboardingContentView.swift */,
				EB729FE62A23AB8600227DB5 /* OnboardingContainerView.swift */,
			);
			path = Onboarding;
			sourceTree = "<group>";
		};
		EBE0D66B2A126DAC0081FCE1 /* Models */ = {
			isa = PBXGroup;
			children = (
				EB729FE22A20BD2E00227DB5 /* Feature.swift */,
				EBE0D66C2A126DBF0081FCE1 /* Theme.swift */,
			);
			path = Models;
			sourceTree = "<group>";
		};
/* End PBXGroup section */

/* Begin PBXNativeTarget section */
		EB3520AA2A0252F30011350D /* Snippets */ = {
			isa = PBXNativeTarget;
			buildConfigurationList = EB3520B92A0252F60011350D /* Build configuration list for PBXNativeTarget "Snippets" */;
			buildPhases = (
				EB3520A72A0252F30011350D /* Sources */,
				EB3520A82A0252F30011350D /* Frameworks */,
				EB3520A92A0252F30011350D /* Resources */,
			);
			buildRules = (
			);
			dependencies = (
			);
			name = Snippets;
			productName = Snippets;
			productReference = EB3520AB2A0252F30011350D /* Snippets.app */;
			productType = "com.apple.product-type.application";
		};
/* End PBXNativeTarget section */

/* Begin PBXProject section */
		EB3520A32A0252F30011350D /* Project object */ = {
			isa = PBXProject;
			attributes = {
				BuildIndependentTargetsInParallel = 1;
				LastSwiftUpdateCheck = 1420;
				LastUpgradeCheck = 1420;
				TargetAttributes = {
					EB3520AA2A0252F30011350D = {
						CreatedOnToolsVersion = 14.2;
					};
				};
			};
			buildConfigurationList = EB3520A62A0252F30011350D /* Build configuration list for PBXProject "Snippets" */;
			compatibilityVersion = "Xcode 14.0";
			developmentRegion = en;
			hasScannedForEncodings = 0;
			knownRegions = (
				en,
				Base,
			);
			mainGroup = EB3520A22A0252F30011350D;
			productRefGroup = EB3520AC2A0252F30011350D /* Products */;
			projectDirPath = "";
			projectRoot = "";
			targets = (
				EB3520AA2A0252F30011350D /* Snippets */,
			);
		};
/* End PBXProject section */

/* Begin PBXResourcesBuildPhase section */
		EB3520A92A0252F30011350D /* Resources */ = {
			isa = PBXResourcesBuildPhase;
			buildActionMask = 2147483647;
			files = (
				EB3520B62A0252F60011350D /* Preview Assets.xcassets in Resources */,
				EB3520B32A0252F60011350D /* Assets.xcassets in Resources */,
			);
			runOnlyForDeploymentPostprocessing = 0;
		};
/* End PBXResourcesBuildPhase section */

/* Begin PBXSourcesBuildPhase section */
		EB3520A72A0252F30011350D /* Sources */ = {
			isa = PBXSourcesBuildPhase;
			buildActionMask = 2147483647;
			files = (
				EB3520BE2A0254640011350D /* Example1Timer.swift in Sources */,
				EBE0D66D2A126DBF0081FCE1 /* Theme.swift in Sources */,
				EB729FE32A20BD2E00227DB5 /* Feature.swift in Sources */,
				EB2EFEA72A28EE14005479F2 /* MaxWidth.swift in Sources */,
				EB729FE52A22570A00227DB5 /* OnboardingContentView.swift in Sources */,
				EBE0D6762A13BE450081FCE1 /* ColorAsAView.swift in Sources */,
				EB729FE72A23AB8700227DB5 /* OnboardingContainerView.swift in Sources */,
				EBE0D6712A127B020081FCE1 /* ThemePickerView.swift in Sources */,
				EB3520B12A0252F30011350D /* ContentView.swift in Sources */,
				EBE0D6782A13E2710081FCE1 /* ThemePicker.swift in Sources */,
				EBE0D66F2A1270BD0081FCE1 /* ThemeView.swift in Sources */,
				EB2EFEA92A290353005479F2 /* Overlay.swift in Sources */,
				EB3520AF2A0252F30011350D /* SnippetsApp.swift in Sources */,
			);
			runOnlyForDeploymentPostprocessing = 0;
		};
/* End PBXSourcesBuildPhase section */

/* Begin XCBuildConfiguration section */
		EB3520B72A0252F60011350D /* Debug */ = {
			isa = XCBuildConfiguration;
			buildSettings = {
				ALWAYS_SEARCH_USER_PATHS = NO;
				CLANG_ANALYZER_NONNULL = YES;
				CLANG_ANALYZER_NUMBER_OBJECT_CONVERSION = YES_AGGRESSIVE;
				CLANG_CXX_LANGUAGE_STANDARD = "gnu++20";
				CLANG_ENABLE_MODULES = YES;
				CLANG_ENABLE_OBJC_ARC = YES;
				CLANG_ENABLE_OBJC_WEAK = YES;
				CLANG_WARN_BLOCK_CAPTURE_AUTORELEASING = YES;
				CLANG_WARN_BOOL_CONVERSION = YES;
				CLANG_WARN_COMMA = YES;
				CLANG_WARN_CONSTANT_CONVERSION = YES;
				CLANG_WARN_DEPRECATED_OBJC_IMPLEMENTATIONS = YES;
				CLANG_WARN_DIRECT_OBJC_ISA_USAGE = YES_ERROR;
				CLANG_WARN_DOCUMENTATION_COMMENTS = YES;
				CLANG_WARN_EMPTY_BODY = YES;
				CLANG_WARN_ENUM_CONVERSION = YES;
				CLANG_WARN_INFINITE_RECURSION = YES;
				CLANG_WARN_INT_CONVERSION = YES;
				CLANG_WARN_NON_LITERAL_NULL_CONVERSION = YES;
				CLANG_WARN_OBJC_IMPLICIT_RETAIN_SELF = YES;
				CLANG_WARN_OBJC_LITERAL_CONVERSION = YES;
				CLANG_WARN_OBJC_ROOT_CLASS = YES_ERROR;
				CLANG_WARN_QUOTED_INCLUDE_IN_FRAMEWORK_HEADER = YES;
				CLANG_WARN_RANGE_LOOP_ANALYSIS = YES;
				CLANG_WARN_STRICT_PROTOTYPES = YES;
				CLANG_WARN_SUSPICIOUS_MOVE = YES;
				CLANG_WARN_UNGUARDED_AVAILABILITY = YES_AGGRESSIVE;
				CLANG_WARN_UNREACHABLE_CODE = YES;
				CLANG_WARN__DUPLICATE_METHOD_MATCH = YES;
				COPY_PHASE_STRIP = NO;
				DEBUG_INFORMATION_FORMAT = dwarf;
				ENABLE_STRICT_OBJC_MSGSEND = YES;
				ENABLE_TESTABILITY = YES;
				GCC_C_LANGUAGE_STANDARD = gnu11;
				GCC_DYNAMIC_NO_PIC = NO;
				GCC_NO_COMMON_BLOCKS = YES;
				GCC_OPTIMIZATION_LEVEL = 0;
				GCC_PREPROCESSOR_DEFINITIONS = (
					"DEBUG=1",
					"$(inherited)",
				);
				GCC_WARN_64_TO_32_BIT_CONVERSION = YES;
				GCC_WARN_ABOUT_RETURN_TYPE = YES_ERROR;
				GCC_WARN_UNDECLARED_SELECTOR = YES;
				GCC_WARN_UNINITIALIZED_AUTOS = YES_AGGRESSIVE;
				GCC_WARN_UNUSED_FUNCTION = YES;
				GCC_WARN_UNUSED_VARIABLE = YES;
				IPHONEOS_DEPLOYMENT_TARGET = 16.2;
				MTL_ENABLE_DEBUG_INFO = INCLUDE_SOURCE;
				MTL_FAST_MATH = YES;
				ONLY_ACTIVE_ARCH = YES;
				SDKROOT = iphoneos;
				SWIFT_ACTIVE_COMPILATION_CONDITIONS = DEBUG;
				SWIFT_OPTIMIZATION_LEVEL = "-Onone";
			};
			name = Debug;
		};
		EB3520B82A0252F60011350D /* Release */ = {
			isa = XCBuildConfiguration;
			buildSettings = {
				ALWAYS_SEARCH_USER_PATHS = NO;
				CLANG_ANALYZER_NONNULL = YES;
				CLANG_ANALYZER_NUMBER_OBJECT_CONVERSION = YES_AGGRESSIVE;
				CLANG_CXX_LANGUAGE_STANDARD = "gnu++20";
				CLANG_ENABLE_MODULES = YES;
				CLANG_ENABLE_OBJC_ARC = YES;
				CLANG_ENABLE_OBJC_WEAK = YES;
				CLANG_WARN_BLOCK_CAPTURE_AUTORELEASING = YES;
				CLANG_WARN_BOOL_CONVERSION = YES;
				CLANG_WARN_COMMA = YES;
				CLANG_WARN_CONSTANT_CONVERSION = YES;
				CLANG_WARN_DEPRECATED_OBJC_IMPLEMENTATIONS = YES;
				CLANG_WARN_DIRECT_OBJC_ISA_USAGE = YES_ERROR;
				CLANG_WARN_DOCUMENTATION_COMMENTS = YES;
				CLANG_WARN_EMPTY_BODY = YES;
				CLANG_WARN_ENUM_CONVERSION = YES;
				CLANG_WARN_INFINITE_RECURSION = YES;
				CLANG_WARN_INT_CONVERSION = YES;
				CLANG_WARN_NON_LITERAL_NULL_CONVERSION = YES;
				CLANG_WARN_OBJC_IMPLICIT_RETAIN_SELF = YES;
				CLANG_WARN_OBJC_LITERAL_CONVERSION = YES;
				CLANG_WARN_OBJC_ROOT_CLASS = YES_ERROR;
				CLANG_WARN_QUOTED_INCLUDE_IN_FRAMEWORK_HEADER = YES;
				CLANG_WARN_RANGE_LOOP_ANALYSIS = YES;
				CLANG_WARN_STRICT_PROTOTYPES = YES;
				CLANG_WARN_SUSPICIOUS_MOVE = YES;
				CLANG_WARN_UNGUARDED_AVAILABILITY = YES_AGGRESSIVE;
				CLANG_WARN_UNREACHABLE_CODE = YES;
				CLANG_WARN__DUPLICATE_METHOD_MATCH = YES;
				COPY_PHASE_STRIP = NO;
				DEBUG_INFORMATION_FORMAT = "dwarf-with-dsym";
				ENABLE_NS_ASSERTIONS = NO;
				ENABLE_STRICT_OBJC_MSGSEND = YES;
				GCC_C_LANGUAGE_STANDARD = gnu11;
				GCC_NO_COMMON_BLOCKS = YES;
				GCC_WARN_64_TO_32_BIT_CONVERSION = YES;
				GCC_WARN_ABOUT_RETURN_TYPE = YES_ERROR;
				GCC_WARN_UNDECLARED_SELECTOR = YES;
				GCC_WARN_UNINITIALIZED_AUTOS = YES_AGGRESSIVE;
				GCC_WARN_UNUSED_FUNCTION = YES;
				GCC_WARN_UNUSED_VARIABLE = YES;
				IPHONEOS_DEPLOYMENT_TARGET = 16.2;
				MTL_ENABLE_DEBUG_INFO = NO;
				MTL_FAST_MATH = YES;
				SDKROOT = iphoneos;
				SWIFT_COMPILATION_MODE = wholemodule;
				SWIFT_OPTIMIZATION_LEVEL = "-O";
				VALIDATE_PRODUCT = YES;
			};
			name = Release;
		};
		EB3520BA2A0252F60011350D /* Debug */ = {
			isa = XCBuildConfiguration;
			buildSettings = {
				ASSETCATALOG_COMPILER_APPICON_NAME = AppIcon;
				ASSETCATALOG_COMPILER_GLOBAL_ACCENT_COLOR_NAME = AccentColor;
				CODE_SIGN_STYLE = Automatic;
				CURRENT_PROJECT_VERSION = 1;
				DEVELOPMENT_ASSET_PATHS = "\"Snippets/Preview Content\"";
				DEVELOPMENT_TEAM = 48SFJ53X29;
				ENABLE_PREVIEWS = YES;
				GENERATE_INFOPLIST_FILE = YES;
				INFOPLIST_FILE = Snippets/Info.plist;
				INFOPLIST_KEY_UIApplicationSupportsIndirectInputEvents = YES;
				INFOPLIST_KEY_UILaunchScreen_Generation = YES;
				INFOPLIST_KEY_UISupportedInterfaceOrientations_iPad = "UIInterfaceOrientationPortrait UIInterfaceOrientationPortraitUpsideDown UIInterfaceOrientationLandscapeLeft UIInterfaceOrientationLandscapeRight";
				INFOPLIST_KEY_UISupportedInterfaceOrientations_iPhone = "UIInterfaceOrientationPortrait UIInterfaceOrientationLandscapeLeft UIInterfaceOrientationLandscapeRight";
				LD_RUNPATH_SEARCH_PATHS = (
					"$(inherited)",
					"@executable_path/Frameworks",
				);
				MARKETING_VERSION = 1.0;
				PRODUCT_BUNDLE_IDENTIFIER = com.giria.Snippets;
				PRODUCT_NAME = "$(TARGET_NAME)";
				SWIFT_EMIT_LOC_STRINGS = YES;
				SWIFT_VERSION = 5.0;
				TARGETED_DEVICE_FAMILY = "1,2";
			};
			name = Debug;
		};
		EB3520BB2A0252F60011350D /* Release */ = {
			isa = XCBuildConfiguration;
			buildSettings = {
				ASSETCATALOG_COMPILER_APPICON_NAME = AppIcon;
				ASSETCATALOG_COMPILER_GLOBAL_ACCENT_COLOR_NAME = AccentColor;
				CODE_SIGN_STYLE = Automatic;
				CURRENT_PROJECT_VERSION = 1;
				DEVELOPMENT_ASSET_PATHS = "\"Snippets/Preview Content\"";
				DEVELOPMENT_TEAM = 48SFJ53X29;
				ENABLE_PREVIEWS = YES;
				GENERATE_INFOPLIST_FILE = YES;
				INFOPLIST_FILE = Snippets/Info.plist;
				INFOPLIST_KEY_UIApplicationSupportsIndirectInputEvents = YES;
				INFOPLIST_KEY_UILaunchScreen_Generation = YES;
				INFOPLIST_KEY_UISupportedInterfaceOrientations_iPad = "UIInterfaceOrientationPortrait UIInterfaceOrientationPortraitUpsideDown UIInterfaceOrientationLandscapeLeft UIInterfaceOrientationLandscapeRight";
				INFOPLIST_KEY_UISupportedInterfaceOrientations_iPhone = "UIInterfaceOrientationPortrait UIInterfaceOrientationLandscapeLeft UIInterfaceOrientationLandscapeRight";
				LD_RUNPATH_SEARCH_PATHS = (
					"$(inherited)",
					"@executable_path/Frameworks",
				);
				MARKETING_VERSION = 1.0;
				PRODUCT_BUNDLE_IDENTIFIER = com.giria.Snippets;
				PRODUCT_NAME = "$(TARGET_NAME)";
				SWIFT_EMIT_LOC_STRINGS = YES;
				SWIFT_VERSION = 5.0;
				TARGETED_DEVICE_FAMILY = "1,2";
			};
			name = Release;
		};
/* End XCBuildConfiguration section */

/* Begin XCConfigurationList section */
		EB3520A62A0252F30011350D /* Build configuration list for PBXProject "Snippets" */ = {
			isa = XCConfigurationList;
			buildConfigurations = (
				EB3520B72A0252F60011350D /* Debug */,
				EB3520B82A0252F60011350D /* Release */,
			);
			defaultConfigurationIsVisible = 0;
			defaultConfigurationName = Release;
		};
		EB3520B92A0252F60011350D /* Build configuration list for PBXNativeTarget "Snippets" */ = {
			isa = XCConfigurationList;
			buildConfigurations = (
				EB3520BA2A0252F60011350D /* Debug */,
				EB3520BB2A0252F60011350D /* Release */,
			);
			defaultConfigurationIsVisible = 0;
			defaultConfigurationName = Release;
		};
/* End XCConfigurationList section */
	};
	rootObject = EB3520A32A0252F30011350D /* Project object */;
}
